
Microsoft Visual Studio Solution File, Format Version 12.00
# Visual Studio 15
VisualStudioVersion = 15.0.28307.852
MinimumVisualStudioVersion = 10.0.40219.1
Project("{FAE04EC0-301F-11D3-BF4B-00C04F79EFBC}") = "EFCore.Features", "EFCore.Features\EFCore.Features.csproj", "{7FFAD6FB-D3C0-4584-8155-84F86BABCAE1}"
EndProject
Project("{FAE04EC0-301F-11D3-BF4B-00C04F79EFBC}") = "EFCore.Infra", "..\EFCore.Infra\EFCore.Infra.csproj", "{1202FACF-0F25-4FFA-A2D1-9F4E59A6CE99}"
EndProject
Project("{FAE04EC0-301F-11D3-BF4B-00C04F79EFBC}") = "EFCore.Model", "EFCore.Model\EFCore.Model.csproj", "{5BA381C9-2753-4D7F-AFD2-A5A92022FD06}"
EndProject
Global
	GlobalSection(SolutionConfigurationPlatforms) = preSolution
		Debug|Any CPU = Debug|Any CPU
		Release|Any CPU = Release|Any CPU
	EndGlobalSection
	GlobalSection(ProjectConfigurationPlatforms) = postSolution
		{7FFAD6FB-D3C0-4584-8155-84F86BABCAE1}.Debug|Any CPU.ActiveCfg = Debug|Any CPU
		{7FFAD6FB-D3C0-4584-8155-84F86BABCAE1}.Debug|Any CPU.Build.0 = Debug|Any CPU
		{7FFAD6FB-D3C0-4584-8155-84F86BABCAE1}.Release|Any CPU.ActiveCfg = Release|Any CPU
		{7FFAD6FB-D3C0-4584-8155-84F86BABCAE1}.Release|Any CPU.Build.0 = Release|Any CPU
		{1202FACF-0F25-4FFA-A2D1-9F4E59A6CE99}.Debug|Any CPU.ActiveCfg = Debug|Any CPU
		{1202FACF-0F25-4FFA-A2D1-9F4E59A6CE99}.Debug|Any CPU.Build.0 = Debug|Any CPU
		{1202FACF-0F25-4FFA-A2D1-9F4E59A6CE99}.Release|Any CPU.ActiveCfg = Release|Any CPU
		{1202FACF-0F25-4FFA-A2D1-9F4E59A6CE99}.Release|Any CPU.Build.0 = Release|Any CPU
		{5BA381C9-2753-4D7F-AFD2-A5A92022FD06}.Debug|Any CPU.ActiveCfg = Debug|Any CPU
		{5BA381C9-2753-4D7F-AFD2-A5A92022FD06}.Debug|Any CPU.Build.0 = Debug|Any CPU
		{5BA381C9-2753-4D7F-AFD2-A5A92022FD06}.Release|Any CPU.ActiveCfg = Release|Any CPU
		{5BA381C9-2753-4D7F-AFD2-A5A92022FD06}.Release|Any CPU.Build.0 = Release|Any CPU
	EndGlobalSection
	GlobalSection(SolutionProperties) = preSolution
		HideSolutionNode = FALSE
	EndGlobalSection
	GlobalSection(ExtensibilityGlobals) = postSolution
		SolutionGuid = {7ADAFB32-535C-464E-9733-11DA4F0F25AD}
	EndGlobalSection
EndGlobal
